
Microsoft Visual Studio Solution File, Format Version 12.00
# Visual Studio Version 17
VisualStudioVersion = 17.4.33110.190
MinimumVisualStudioVersion = 10.0.40219.1
Project("{9A19103F-16F7-4668-BE54-9A1E7A4F7556}") = "MySignalR.Hubs.Demo", "MySignalR.Hubs.Demo\MySignalR.Hubs.Demo.csproj", "{9022B538-DAB7-45F9-ADCF-E6BFE2310C96}"
EndProject
Project("{9A19103F-16F7-4668-BE54-9A1E7A4F7556}") = "MySignalR.ChatClient.Demo", "MySignalR.ChatClient.Demo\MySignalR.ChatClient.Demo.csproj", "{12916193-6197-4FB0-B17C-AC2802F04CFE}"
EndProject
Project("{FAE04EC0-301F-11D3-BF4B-00C04F79EFBC}") = "MySignalR.WpfClient.Demo", "MySignalR.WpfClient.Demo\MySignalR.WpfClient.Demo.csproj", "{E97DA75A-2752-4E9A-89FA-F7535C128460}"
EndProject
Global
	GlobalSection(SolutionConfigurationPlatforms) = preSolution
		Debug|Any CPU = Debug|Any CPU
		Release|Any CPU = Release|Any CPU
	EndGlobalSection
	GlobalSection(ProjectConfigurationPlatforms) = postSolution
		{9022B538-DAB7-45F9-ADCF-E6BFE2310C96}.Debug|Any CPU.ActiveCfg = Debug|Any CPU
		{9022B538-DAB7-45F9-ADCF-E6BFE2310C96}.Debug|Any CPU.Build.0 = Debug|Any CPU
		{9022B538-DAB7-45F9-ADCF-E6BFE2310C96}.Release|Any CPU.ActiveCfg = Release|Any CPU
		{9022B538-DAB7-45F9-ADCF-E6BFE2310C96}.Release|Any CPU.Build.0 = Release|Any CPU
		{12916193-6197-4FB0-B17C-AC2802F04CFE}.Debug|Any CPU.ActiveCfg = Debug|Any CPU
		{12916193-6197-4FB0-B17C-AC2802F04CFE}.Debug|Any CPU.Build.0 = Debug|Any CPU
		{12916193-6197-4FB0-B17C-AC2802F04CFE}.Release|Any CPU.ActiveCfg = Release|Any CPU
		{12916193-6197-4FB0-B17C-AC2802F04CFE}.Release|Any CPU.Build.0 = Release|Any CPU
		{E97DA75A-2752-4E9A-89FA-F7535C128460}.Debug|Any CPU.ActiveCfg = Debug|Any CPU
		{E97DA75A-2752-4E9A-89FA-F7535C128460}.Debug|Any CPU.Build.0 = Debug|Any CPU
		{E97DA75A-2752-4E9A-89FA-F7535C128460}.Release|Any CPU.ActiveCfg = Release|Any CPU
		{E97DA75A-2752-4E9A-89FA-F7535C128460}.Release|Any CPU.Build.0 = Release|Any CPU
	EndGlobalSection
	GlobalSection(SolutionProperties) = preSolution
		HideSolutionNode = FALSE
	EndGlobalSection
	GlobalSection(ExtensibilityGlobals) = postSolution
		SolutionGuid = {42A1094A-8A2B-4A4A-BECA-2A9A8E0C8DB0}
	EndGlobalSection
EndGlobal
